
Microsoft Visual Studio Solution File, Format Version 12.00
# Visual Studio Version 17
VisualStudioVersion = 17.14.36623.8 d17.14
MinimumVisualStudioVersion = 10.0.40219.1
Project("{8BC9CEB8-8B4A-11D0-8D11-00A0C91BC942}") = "Week 12 q2", "Week 12 q2\Week 12 q2.vcxproj", "{6192E636-FDFE-4F6A-8967-B533F2194F0E}"
EndProject
Global
	GlobalSection(SolutionConfigurationPlatforms) = preSolution
		Debug|x64 = Debug|x64
		Debug|x86 = Debug|x86
		Release|x64 = Release|x64
		Release|x86 = Release|x86
	EndGlobalSection
	GlobalSection(ProjectConfigurationPlatforms) = postSolution
		{6192E636-FDFE-4F6A-8967-B533F2194F0E}.Debug|x64.ActiveCfg = Debug|x64
		{6192E636-FDFE-4F6A-8967-B533F2194F0E}.Debug|x64.Build.0 = Debug|x64
		{6192E636-FDFE-4F6A-8967-B533F2194F0E}.Debug|x86.ActiveCfg = Debug|Win32
		{6192E636-FDFE-4F6A-8967-B533F2194F0E}.Debug|x86.Build.0 = Debug|Win32
		{6192E636-FDFE-4F6A-8967-B533F2194F0E}.Release|x64.ActiveCfg = Release|x64
		{6192E636-FDFE-4F6A-8967-B533F2194F0E}.Release|x64.Build.0 = Release|x64
		{6192E636-FDFE-4F6A-8967-B533F2194F0E}.Release|x86.ActiveCfg = Release|Win32
		{6192E636-FDFE-4F6A-8967-B533F2194F0E}.Release|x86.Build.0 = Release|Win32
	EndGlobalSection
	GlobalSection(SolutionProperties) = preSolution
		HideSolutionNode = FALSE
	EndGlobalSection
	GlobalSection(ExtensibilityGlobals) = postSolution
		SolutionGuid = {C645886E-7D41-4F18-A960-9017811FF5C1}
	EndGlobalSection
EndGlobal
