
Microsoft Visual Studio Solution File, Format Version 12.00
# Visual Studio Version 17
VisualStudioVersion = 17.14.36623.8 d17.14
MinimumVisualStudioVersion = 10.0.40219.1
Project("{8BC9CEB8-8B4A-11D0-8D11-00A0C91BC942}") = "Week 10 Question 1", "Week 10 Question 1\Week 10 Question 1.vcxproj", "{22610ECA-65E7-4CFE-A2A5-DD0557AED506}"
EndProject
Global
	GlobalSection(SolutionConfigurationPlatforms) = preSolution
		Debug|x64 = Debug|x64
		Debug|x86 = Debug|x86
		Release|x64 = Release|x64
		Release|x86 = Release|x86
	EndGlobalSection
	GlobalSection(ProjectConfigurationPlatforms) = postSolution
		{22610ECA-65E7-4CFE-A2A5-DD0557AED506}.Debug|x64.ActiveCfg = Debug|x64
		{22610ECA-65E7-4CFE-A2A5-DD0557AED506}.Debug|x64.Build.0 = Debug|x64
		{22610ECA-65E7-4CFE-A2A5-DD0557AED506}.Debug|x86.ActiveCfg = Debug|Win32
		{22610ECA-65E7-4CFE-A2A5-DD0557AED506}.Debug|x86.Build.0 = Debug|Win32
		{22610ECA-65E7-4CFE-A2A5-DD0557AED506}.Release|x64.ActiveCfg = Release|x64
		{22610ECA-65E7-4CFE-A2A5-DD0557AED506}.Release|x64.Build.0 = Release|x64
		{22610ECA-65E7-4CFE-A2A5-DD0557AED506}.Release|x86.ActiveCfg = Release|Win32
		{22610ECA-65E7-4CFE-A2A5-DD0557AED506}.Release|x86.Build.0 = Release|Win32
	EndGlobalSection
	GlobalSection(SolutionProperties) = preSolution
		HideSolutionNode = FALSE
	EndGlobalSection
	GlobalSection(ExtensibilityGlobals) = postSolution
		SolutionGuid = {59D09DA8-8471-4DB6-B862-DAB505FFAA82}
	EndGlobalSection
EndGlobal
